
Microsoft Visual Studio Solution File, Format Version 12.00
# Visual Studio Version 17
VisualStudioVersion = 17.7.34221.43
MinimumVisualStudioVersion = 10.0.40219.1
Project("{FAE04EC0-301F-11D3-BF4B-00C04F79EFBC}") = "CarRentalManagementSystem", "CarRentalManagementSystem\CarRentalManagementSystem.csproj", "{16885EA4-F85F-4221-8FE4-39710BCB8EC0}"
EndProject
Global
	GlobalSection(SolutionConfigurationPlatforms) = preSolution
		Debug|Any CPU = Debug|Any CPU
		Release|Any CPU = Release|Any CPU
	EndGlobalSection
	GlobalSection(ProjectConfigurationPlatforms) = postSolution
		{16885EA4-F85F-4221-8FE4-39710BCB8EC0}.Debug|Any CPU.ActiveCfg = Debug|Any CPU
		{16885EA4-F85F-4221-8FE4-39710BCB8EC0}.Debug|Any CPU.Build.0 = Debug|Any CPU
		{16885EA4-F85F-4221-8FE4-39710BCB8EC0}.Release|Any CPU.ActiveCfg = Release|Any CPU
		{16885EA4-F85F-4221-8FE4-39710BCB8EC0}.Release|Any CPU.Build.0 = Release|Any CPU
	EndGlobalSection
	GlobalSection(SolutionProperties) = preSolution
		HideSolutionNode = FALSE
	EndGlobalSection
	GlobalSection(ExtensibilityGlobals) = postSolution
		SolutionGuid = {AE8D605D-9E32-49D8-9BD7-1C90B11FEBEB}
	EndGlobalSection
EndGlobal
